<?xml version="1.0" encoding="utf-8"?>
<Project ToolsVersion="4.0" xmlns="http://schemas.microsoft.com/developer/msbuild/2003">
  <ItemGroup>
    <Filter Include="Source Files">
      <UniqueIdentifier>{4FC737F1-C7A5-4376-A066-2A32D752A2FF}</UniqueIdentifier>
      <Extensions>cpp;c;cc;cxx;c++;cppm;ixx;def;odl;idl;hpj;bat;asm;asmx</Extensions>
    </Filter>
    <Filter Include="Header Files">
      <UniqueIdentifier>{93995380-89BD-4b04-88EB-625FBE52EBFB}</UniqueIdentifier>
      <Extensions>h;hh;hpp;hxx;h++;hm;inl;inc;ipp;xsd</Extensions>
    </Filter>
    <Filter Include="Resource Files">
      <UniqueIdentifier>{67DA6AB6-F800-4c08-8B7A-83BB121AAD01}</UniqueIdentifier>
      <Extensions>rc;ico;cur;bmp;dlg;rc2;rct;bin;rgs;gif;jpg;jpeg;jpe;resx;tiff;tif;png;wav;mfcribbon-ms</Extensions>
    </Filter>
    <Filter Include="Source Files\engine">
      <UniqueIdentifier>{bdc4f905-b1b3-4ea4-bb9f-d05b00645383}</UniqueIdentifier>
    </Filter>
    <Filter Include="Header Files\engine">
      <UniqueIdentifier>{4bbf4273-8446-4c41-83d8-5e73195cc7a4}</UniqueIdentifier>
    </Filter>
    <Filter Include="Source Files\engine\mesh">
      <UniqueIdentifier>{0e43a15d-adb7-4921-a51e-9fcc3f6d0cc1}</UniqueIdentifier>
    </Filter>
    <Filter Include="Header Files\engine\mesh">
      <UniqueIdentifier>{ce113b10-b342-4918-9907-b82f5918e731}</UniqueIdentifier>
    </Filter>
    <Filter Include="Header Files\engine\player">
      <UniqueIdentifier>{288f66d5-05ff-4b9a-a60d-dab2eb0d7b6b}</UniqueIdentifier>
    </Filter>
    <Filter Include="Header Files\engine\terrain">
      <UniqueIdentifier>{39445e7b-c632-45ec-9190-fc6cbd105c17}</UniqueIdentifier>
    </Filter>
    <Filter Include="Header Files\engine\world">
      <UniqueIdentifier>{3f2054dc-86e9-4737-b6b4-d67088412db1}</UniqueIdentifier>
    </Filter>
  </ItemGroup>
  <ItemGroup>
    <ClCompile Include="Main.cpp">
      <Filter>Source Files</Filter>
    </ClCompile>
    <ClCompile Include="Window.cpp">
      <Filter>Source Files\engine</Filter>
    </ClCompile>
    <ClCompile Include="gl.c">
      <Filter>Source Files</Filter>
    </ClCompile>
    <ClCompile Include="Engine.cpp">
      <Filter>Source Files\engine</Filter>
    </ClCompile>
    <ClCompile Include="VBO.cpp">
      <Filter>Source Files\engine\mesh</Filter>
    </ClCompile>
    <ClCompile Include="Shader.cpp">
      <Filter>Source Files\engine\mesh</Filter>
    </ClCompile>
    <ClCompile Include="ShaderProgram.cpp">
      <Filter>Source Files\engine\mesh</Filter>
    </ClCompile>
    <ClCompile Include="VAO.cpp">
      <Filter>Source Files\engine\mesh</Filter>
    </ClCompile>
    <ClCompile Include="Material.cpp">
      <Filter>Source Files\engine\mesh</Filter>
    </ClCompile>
    <ClCompile Include="Mesh.cpp">
      <Filter>Source Files\engine\mesh</Filter>
    </ClCompile>
    <ClCompile Include="EBO.cpp">
      <Filter>Source Files\engine\mesh</Filter>
    </ClCompile>
    <ClCompile Include="Camera.h">
      <Filter>Header Files\engine\player</Filter>
    </ClCompile>
    <ClCompile Include="Camera.cpp">
      <Filter>Source Files\engine\mesh</Filter>
    </ClCompile>
    <ClCompile Include="WorldObject.cpp">
      <Filter>Source Files\engine\mesh</Filter>
    </ClCompile>
    <ClCompile Include="MarchingCubesGenerator.cpp">
      <Filter>Source Files\engine\mesh</Filter>
    </ClCompile>
    <ClCompile Include="ChunksManager.h">
      <Filter>Header Files\engine\world</Filter>
    </ClCompile>
  </ItemGroup>
  <ItemGroup>
    <ClInclude Include="Window.h">
      <Filter>Header Files\engine</Filter>
    </ClInclude>
    <ClInclude Include="Engine.h">
      <Filter>Header Files\engine</Filter>
    </ClInclude>
    <ClInclude Include="VBO.h">
      <Filter>Header Files\engine\mesh</Filter>
    </ClInclude>
    <ClInclude Include="Shader.h">
      <Filter>Header Files\engine\mesh</Filter>
    </ClInclude>
    <ClInclude Include="ShaderProgram.h">
      <Filter>Header Files\engine\mesh</Filter>
    </ClInclude>
    <ClInclude Include="VAO.h">
      <Filter>Header Files\engine\mesh</Filter>
    </ClInclude>
    <ClInclude Include="Mesh.h">
      <Filter>Header Files\engine\mesh</Filter>
    </ClInclude>
    <ClInclude Include="Material.h">
      <Filter>Header Files\engine\mesh</Filter>
    </ClInclude>
    <ClInclude Include="EBO.h">
      <Filter>Header Files\engine\mesh</Filter>
    </ClInclude>
    <ClInclude Include="WorldObject.h">
      <Filter>Header Files\engine\mesh</Filter>
    </ClInclude>
    <ClInclude Include="MoreMaterials.h">
      <Filter>Header Files\engine\mesh</Filter>
    </ClInclude>
    <ClInclude Include="tiny_obj_loader.h">
      <Filter>Header Files</Filter>
    </ClInclude>
    <ClInclude Include="MarchingCubesGenerator.h">
      <Filter>Header Files\engine\terrain</Filter>
    </ClInclude>
    <ClInclude Include="TriangulationTables.h">
      <Filter>Header Files\engine\terrain</Filter>
    </ClInclude>
    <ClInclude Include="Settings.h">
      <Filter>Header Files\engine</Filter>
    </ClInclude>
  </ItemGroup>
</Project>